
Microsoft Visual Studio Solution File, Format Version 12.00
# Visual Studio Version 17
VisualStudioVersion = 17.12.35527.113 d17.12
MinimumVisualStudioVersion = 10.0.40219.1
Project("{FAE04EC0-301F-11D3-BF4B-00C04F79EFBC}") = "BloodDonationAPI", "BloodDonationAPI\BloodDonationAPI.csproj", "{030953E5-A239-4819-B39A-7CD5F94087DB}"
EndProject
Project("{FAE04EC0-301F-11D3-BF4B-00C04F79EFBC}") = "BloodDonationClient", "BloodDonationClient\BloodDonationClient.csproj", "{21F18625-6FA6-4618-A5BF-7349EF62D081}"
EndProject
Global
	GlobalSection(SolutionConfigurationPlatforms) = preSolution
		Debug|Any CPU = Debug|Any CPU
		Release|Any CPU = Release|Any CPU
	EndGlobalSection
	GlobalSection(ProjectConfigurationPlatforms) = postSolution
		{030953E5-A239-4819-B39A-7CD5F94087DB}.Debug|Any CPU.ActiveCfg = Debug|Any CPU
		{030953E5-A239-4819-B39A-7CD5F94087DB}.Debug|Any CPU.Build.0 = Debug|Any CPU
		{030953E5-A239-4819-B39A-7CD5F94087DB}.Release|Any CPU.ActiveCfg = Release|Any CPU
		{030953E5-A239-4819-B39A-7CD5F94087DB}.Release|Any CPU.Build.0 = Release|Any CPU
		{21F18625-6FA6-4618-A5BF-7349EF62D081}.Debug|Any CPU.ActiveCfg = Debug|Any CPU
		{21F18625-6FA6-4618-A5BF-7349EF62D081}.Debug|Any CPU.Build.0 = Debug|Any CPU
		{21F18625-6FA6-4618-A5BF-7349EF62D081}.Release|Any CPU.ActiveCfg = Release|Any CPU
		{21F18625-6FA6-4618-A5BF-7349EF62D081}.Release|Any CPU.Build.0 = Release|Any CPU
	EndGlobalSection
	GlobalSection(SolutionProperties) = preSolution
		HideSolutionNode = FALSE
	EndGlobalSection
EndGlobal
